// !$*UTF8*$!
{
	archiveVersion = 1;
	classes = {
	};
	objectVersion = 46;
	objects = {
		5961D9277119EEBDAD167441 = {
			isa = PBXBuildFile;
			fileRef = 57BD20DF21578F27E985418B;
		};
		645727A89397DC81F29AB780 = {
			isa = PBXBuildFile;
			fileRef = 149A149EE9B52D943F99656C;
		};
		030E27952C1A8400FD264BB9 = {
			isa = PBXBuildFile;
			fileRef = 3C4B2DA35308D0522B667D26;
		};
		7348BEE033086C3F777C5B52 = {
			isa = PBXBuildFile;
			fileRef = 840F3727991403D019F4E766;
		};
		A61E36E475786CD5826F26A5 = {
			isa = PBXBuildFile;
			fileRef = 951FFB8E30AF6E0B889861DC;
		};
		6C7BF0573DCC153B3E3448C8 = {
			isa = PBXBuildFile;
			fileRef = 6757CE9CD2BA54726A9BC79F;
		};
		160A1E32C0DF851463F2FB0F = {
			isa = PBXBuildFile;
			fileRef = 4BFA322566CCAF7751E56119;
		};
		C94027FCED119B8C2AFE0088 = {
			isa = PBXBuildFile;
			fileRef = 6EEA17454BABECF941E09231;
		};
		D13141254C4D93D438B73380 = {
			isa = PBXBuildFile;
			fileRef = B9956BAD1C9A48B737F23390;
		};
		D65B535F427B1934E8D92B9C = {
			isa = PBXBuildFile;
			fileRef = DB3BC0B8D3F2EF8168743DD4;
		};
		4A779BAADA7CFEEC24CD45AE = {
			isa = PBXBuildFile;
			fileRef = 448181F3F36AA48DD557619E;
		};
		827A78E55D28FA8A14C1F3C0 = {
			isa = PBXBuildFile;
			fileRef = B29A465F5CE9A9A7DB35AB3D;
		};
		C865A8B1DFE07114D3DEE4F6 = {
			isa = PBXBuildFile;
			fileRef = A751DE33CECE7B389816DE87;
		};
		D8CFE8C2951B7938D971F344 = {
			isa = PBXBuildFile;
			fileRef = 15E676B110B63F27217D4772;
		};
		24504A6D60E8A4B10032F80B = {
			isa = PBXBuildFile;
			fileRef = 02E03D2931F96CB63F5F890F;
		};
		780AE4734BE1C7E32F741B95 = {
			isa = PBXBuildFile;
			fileRef = ED6B208693423B4E114ED934;
		};
		02E03D2931F96CB63F5F890F = {
			isa = PBXFileReference;
			lastKnownFileType = sourcecode.cpp.objcpp;
			name = "include_juce_gui_basics.mm";
			path = "../../JuceLibraryCode/include_juce_gui_basics.mm";
			sourceTree = "SOURCE_ROOT";
		};
		149A149EE9B52D943F99656C = {
			isa = PBXFileReference;
			lastKnownFileType = wrapper.framework;
			name = Carbon.framework;
			path = System/Library/Frameworks/Carbon.framework;
			sourceTree = SDKROOT;
		};
		15E676B110B63F27217D4772 = {
			isa = PBXFileReference;
			lastKnownFileType = sourcecode.cpp.objcpp;
			name = "include_juce_graphics.mm";
			path = "../../JuceLibraryCode/include_juce_graphics.mm";
			sourceTree = "SOURCE_ROOT";
		};
		277103E016B20F4262FEBEF7 = {
			isa = PBXFileReference;
			lastKnownFileType = file;
			name = "juce_graphics";
			path = "/Applications/JUCE/modules/juce_graphics";
			sourceTree = "<absolute>";
		};
		3C4B2DA35308D0522B667D26 = {
			isa = PBXFileReference;
			lastKnownFileType = wrapper.framework;
			name = Cocoa.framework;
			path = System/Library/Frameworks/Cocoa.framework;
			sourceTree = SDKROOT;
		};
		3EFF566C8D06B4DE1DF7F39F = {
			isa = PBXFileReference;
			lastKnownFileType = file;
			name = "juce_gui_basics";
			path = "/Applications/JUCE/modules/juce_gui_basics";
			sourceTree = "<absolute>";
		};
		448181F3F36AA48DD557619E = {
			isa = PBXFileReference;
			lastKnownFileType = sourcecode.cpp.objcpp;
			name = "include_juce_core.mm";
			path = "../../JuceLibraryCode/include_juce_core.mm";
			sourceTree = "SOURCE_ROOT";
		};
		4BFA322566CCAF7751E56119 = {
			isa = PBXFileReference;
			lastKnownFileType = wrapper.framework;
			name = WebKit.framework;
			path = System/Library/Frameworks/WebKit.framework;
			sourceTree = SDKROOT;
		};
		57BD20DF21578F27E985418B = {
			isa = PBXFileReference;
			explicitFileType = wrapper.application;
			includeInIndex = 0;
			path = "Juce Test.app";
			sourceTree = "BUILT_PRODUCTS_DIR";
		};
		6757CE9CD2BA54726A9BC79F = {
			isa = PBXFileReference;
			lastKnownFileType = wrapper.framework;
			name = QuartzCore.framework;
			path = System/Library/Frameworks/QuartzCore.framework;
			sourceTree = SDKROOT;
		};
		6EEA17454BABECF941E09231 = {
			isa = PBXFileReference;
			lastKnownFileType = file.nib;
			name = RecentFilesMenuTemplate.nib;
			path = RecentFilesMenuTemplate.nib;
			sourceTree = "SOURCE_ROOT";
		};
		6FDB53B0A8F7621D1CECE5A6 = {
			isa = PBXFileReference;
			lastKnownFileType = file;
			name = "juce_events";
			path = "/Applications/JUCE/modules/juce_events";
			sourceTree = "<absolute>";
		};
		7F326DEC7812100E43BC3C85 = {
			isa = PBXFileReference;
			lastKnownFileType = sourcecode.c.h;
			name = JuceHeader.h;
			path = ../../JuceLibraryCode/JuceHeader.h;
			sourceTree = "SOURCE_ROOT";
		};
		840F3727991403D019F4E766 = {
			isa = PBXFileReference;
			lastKnownFileType = wrapper.framework;
			name = Foundation.framework;
			path = System/Library/Frameworks/Foundation.framework;
			sourceTree = SDKROOT;
		};
		869897C0EE21B4910ACCDBF2 = {
			isa = PBXFileReference;
			lastKnownFileType = sourcecode.c.h;
			name = MainComponent.h;
			path = ../../Source/MainComponent.h;
			sourceTree = "SOURCE_ROOT";
		};
		951FFB8E30AF6E0B889861DC = {
			isa = PBXFileReference;
			lastKnownFileType = wrapper.framework;
			name = IOKit.framework;
			path = System/Library/Frameworks/IOKit.framework;
			sourceTree = SDKROOT;
		};
		952BF5D587AAAF7F5DB5BEC7 = {
			isa = PBXFileReference;
			lastKnownFileType = file;
			name = "juce_data_structures";
			path = "/Applications/JUCE/modules/juce_data_structures";
			sourceTree = "<absolute>";
		};
		A751DE33CECE7B389816DE87 = {
			isa = PBXFileReference;
			lastKnownFileType = sourcecode.cpp.objcpp;
			name = "include_juce_events.mm";
			path = "../../JuceLibraryCode/include_juce_events.mm";
			sourceTree = "SOURCE_ROOT";
		};
		B29A465F5CE9A9A7DB35AB3D = {
			isa = PBXFileReference;
			lastKnownFileType = sourcecode.cpp.objcpp;
			name = "include_juce_data_structures.mm";
			path = "../../JuceLibraryCode/include_juce_data_structures.mm";
			sourceTree = "SOURCE_ROOT";
		};
		B9956BAD1C9A48B737F23390 = {
			isa = PBXFileReference;
			lastKnownFileType = sourcecode.cpp.cpp;
			name = Main.cpp;
			path = ../../Source/Main.cpp;
			sourceTree = "SOURCE_ROOT";
		};
		C1145CF772655AE3ABE75848 = {
			isa = PBXFileReference;
			lastKnownFileType = text.plist.xml;
			name = "Info-App.plist";
			path = "Info-App.plist";
			sourceTree = "SOURCE_ROOT";
		};
		CA5111BCD047493C7116A106 = {
			isa = PBXFileReference;
			lastKnownFileType = file;
			name = "juce_gui_extra";
			path = "/Applications/JUCE/modules/juce_gui_extra";
			sourceTree = "<absolute>";
		};
		DB3BC0B8D3F2EF8168743DD4 = {
			isa = PBXFileReference;
			lastKnownFileType = sourcecode.cpp.cpp;
			name = MainComponent.cpp;
			path = ../../Source/MainComponent.cpp;
			sourceTree = "SOURCE_ROOT";
		};
		ED6B208693423B4E114ED934 = {
			isa = PBXFileReference;
			lastKnownFileType = sourcecode.cpp.objcpp;
			name = "include_juce_gui_extra.mm";
			path = "../../JuceLibraryCode/include_juce_gui_extra.mm";
			sourceTree = "SOURCE_ROOT";
		};
		FA958841376A89F4C5F475CF = {
			isa = PBXFileReference;
			lastKnownFileType = file;
			name = "juce_core";
			path = "/Applications/JUCE/modules/juce_core";
			sourceTree = "<absolute>";
		};
		C2A95B51DCB48EB10F22D3A5 = {
			isa = PBXGroup;
			children = (
				B9956BAD1C9A48B737F23390,
				869897C0EE21B4910ACCDBF2,
				DB3BC0B8D3F2EF8168743DD4,
			);
			name = Source;
			sourceTree = "<group>";
		};
		E1823CD97BDF50A067F2D919 = {
			isa = PBXGroup;
			children = (
				C2A95B51DCB48EB10F22D3A5,
			);
			name = "Juce Test";
			sourceTree = "<group>";
		};
		C325D6F9D8507464988A875B = {
			isa = PBXGroup;
			children = (
				FA958841376A89F4C5F475CF,
				952BF5D587AAAF7F5DB5BEC7,
				6FDB53B0A8F7621D1CECE5A6,
				277103E016B20F4262FEBEF7,
				3EFF566C8D06B4DE1DF7F39F,
				CA5111BCD047493C7116A106,
			);
			name = "JUCE Modules";
			sourceTree = "<group>";
		};
		573005B5946E9F29603AE9C7 = {
			isa = PBXGroup;
			children = (
				448181F3F36AA48DD557619E,
				B29A465F5CE9A9A7DB35AB3D,
				A751DE33CECE7B389816DE87,
				15E676B110B63F27217D4772,
				02E03D2931F96CB63F5F890F,
				ED6B208693423B4E114ED934,
				7F326DEC7812100E43BC3C85,
			);
			name = "JUCE Library Code";
			sourceTree = "<group>";
		};
		989E44756DE56BD7E64DBF25 = {
			isa = PBXGroup;
			children = (
				C1145CF772655AE3ABE75848,
				6EEA17454BABECF941E09231,
			);
			name = Resources;
			sourceTree = "<group>";
		};
		BBA6DF97B6BF9EF2E2052BE2 = {
			isa = PBXGroup;
			children = (
				149A149EE9B52D943F99656C,
				3C4B2DA35308D0522B667D26,
				840F3727991403D019F4E766,
				951FFB8E30AF6E0B889861DC,
				6757CE9CD2BA54726A9BC79F,
				4BFA322566CCAF7751E56119,
			);
			name = Frameworks;
			sourceTree = "<group>";
		};
		D734B4CB26B2932F67DC0E67 = {
			isa = PBXGroup;
			children = (
				57BD20DF21578F27E985418B,
			);
			name = Products;
			sourceTree = "<group>";
		};
		541C46128E67386CCBB4201E = {
			isa = PBXGroup;
			children = (
				E1823CD97BDF50A067F2D919,
				C325D6F9D8507464988A875B,
				573005B5946E9F29603AE9C7,
				989E44756DE56BD7E64DBF25,
				BBA6DF97B6BF9EF2E2052BE2,
				D734B4CB26B2932F67DC0E67,
			);
			name = Source;
			sourceTree = "<group>";
		};
		DF914507425EFABEA82EFE9A = {
			isa = XCBuildConfiguration;
			buildSettings = {
				CLANG_CXX_LANGUAGE_STANDARD = "c++14";
				CLANG_CXX_LIBRARY = "libc++";
				CLANG_LINK_OBJC_RUNTIME = NO;
				CODE_SIGN_IDENTITY = "";
				COMBINE_HIDPI_IMAGES = YES;
				CONFIGURATION_BUILD_DIR = "$(PROJECT_DIR)/build/$(CONFIGURATION)";
				COPY_PHASE_STRIP = NO;
				GCC_DYNAMIC_NO_PIC = NO;
				GCC_OPTIMIZATION_LEVEL = 0;
				GCC_PREPROCESSOR_DEFINITIONS = (
					"_DEBUG=1",
					"DEBUG=1",
					"JUCE_DISPLAY_SPLASH_SCREEN=1",
					"JUCE_USE_DARK_SPLASH_SCREEN=1",
					"JUCE_PROJUCER_VERSION=0x60007",
					"JUCE_MODULE_AVAILABLE_juce_core=1",
					"JUCE_MODULE_AVAILABLE_juce_data_structures=1",
					"JUCE_MODULE_AVAILABLE_juce_events=1",
					"JUCE_MODULE_AVAILABLE_juce_graphics=1",
					"JUCE_MODULE_AVAILABLE_juce_gui_basics=1",
					"JUCE_MODULE_AVAILABLE_juce_gui_extra=1",
					"JUCE_GLOBAL_MODULE_SETTINGS_INCLUDED=1",
					"JUCE_STRICT_REFCOUNTEDPOINTER=1",
					"JUCE_STANDALONE_APPLICATION=1",
					"JUCER_XCODE_MAC_F6D2F4CF=1",
					"JUCE_APP_VERSION=1.0.0",
					"JUCE_APP_VERSION_HEX=0x10000",
					"JucePlugin_Build_VST=0",
					"JucePlugin_Build_VST3=0",
					"JucePlugin_Build_AU=0",
					"JucePlugin_Build_AUv3=0",
					"JucePlugin_Build_RTAS=0",
					"JucePlugin_Build_AAX=0",
					"JucePlugin_Build_Standalone=0",
					"JucePlugin_Build_Unity=0",
				);
				GCC_VERSION = com.apple.compilers.llvm.clang.1_0;
				HEADER_SEARCH_PATHS = (
					"$(SRCROOT)/../../JuceLibraryCode",
					"/Applications/JUCE/modules",
					"$(inherited)",
				);
				INFOPLIST_FILE = Info-App.plist;
				INFOPLIST_PREPROCESS = NO;
				INSTALL_PATH = "$(HOME)/Applications";
				MACOSX_DEPLOYMENT_TARGET = 10.11;
				MTL_HEADER_SEARCH_PATHS = (
					"$(SRCROOT)/../../JuceLibraryCode",
					"/Applications/JUCE/modules",
				);
				PRODUCT_BUNDLE_IDENTIFIER = com.yourcompany.JuceTest;
				PRODUCT_NAME = "Juce Test";
				USE_HEADERMAP = NO;
				VALID_ARCHS = "i386 x86_64 arm64 arm64e";
			};
			name = Debug;
		};
		49804C98BC92BD3D5B8137E6 = {
			isa = XCBuildConfiguration;
			buildSettings = {
				CLANG_CXX_LANGUAGE_STANDARD = "c++14";
				CLANG_CXX_LIBRARY = "libc++";
				CLANG_LINK_OBJC_RUNTIME = NO;
				CODE_SIGN_IDENTITY = "";
				COMBINE_HIDPI_IMAGES = YES;
				CONFIGURATION_BUILD_DIR = "$(PROJECT_DIR)/build/$(CONFIGURATION)";
				DEAD_CODE_STRIPPING = YES;
				GCC_GENERATE_DEBUGGING_SYMBOLS = NO;
				GCC_OPTIMIZATION_LEVEL = 3;
				GCC_PREPROCESSOR_DEFINITIONS = (
					"_NDEBUG=1",
					"NDEBUG=1",
					"JUCE_DISPLAY_SPLASH_SCREEN=1",
					"JUCE_USE_DARK_SPLASH_SCREEN=1",
					"JUCE_PROJUCER_VERSION=0x60007",
					"JUCE_MODULE_AVAILABLE_juce_core=1",
					"JUCE_MODULE_AVAILABLE_juce_data_structures=1",
					"JUCE_MODULE_AVAILABLE_juce_events=1",
					"JUCE_MODULE_AVAILABLE_juce_graphics=1",
					"JUCE_MODULE_AVAILABLE_juce_gui_basics=1",
					"JUCE_MODULE_AVAILABLE_juce_gui_extra=1",
					"JUCE_GLOBAL_MODULE_SETTINGS_INCLUDED=1",
					"JUCE_STRICT_REFCOUNTEDPOINTER=1",
					"JUCE_STANDALONE_APPLICATION=1",
					"JUCER_XCODE_MAC_F6D2F4CF=1",
					"JUCE_APP_VERSION=1.0.0",
					"JUCE_APP_VERSION_HEX=0x10000",
					"JucePlugin_Build_VST=0",
					"JucePlugin_Build_VST3=0",
					"JucePlugin_Build_AU=0",
					"JucePlugin_Build_AUv3=0",
					"JucePlugin_Build_RTAS=0",
					"JucePlugin_Build_AAX=0",
					"JucePlugin_Build_Standalone=0",
					"JucePlugin_Build_Unity=0",
				);
				GCC_VERSION = com.apple.compilers.llvm.clang.1_0;
				HEADER_SEARCH_PATHS = (
					"$(SRCROOT)/../../JuceLibraryCode",
					"/Applications/JUCE/modules",
					"$(inherited)",
				);
				INFOPLIST_FILE = Info-App.plist;
				INFOPLIST_PREPROCESS = NO;
				INSTALL_PATH = "$(HOME)/Applications";
				LLVM_LTO = YES;
				MACOSX_DEPLOYMENT_TARGET = 10.11;
				MTL_HEADER_SEARCH_PATHS = (
					"$(SRCROOT)/../../JuceLibraryCode",
					"/Applications/JUCE/modules",
				);
				PRODUCT_BUNDLE_IDENTIFIER = com.yourcompany.JuceTest;
				PRODUCT_NAME = "Juce Test";
				USE_HEADERMAP = NO;
				VALID_ARCHS = "i386 x86_64 arm64 arm64e";
			};
			name = Release;
		};
		3ACE934943917AE83CBD34B3 = {
			isa = XCBuildConfiguration;
			buildSettings = {
				ALWAYS_SEARCH_USER_PATHS = NO;
				CLANG_ENABLE_OBJC_WEAK = YES;
				CLANG_WARN_BLOCK_CAPTURE_AUTORELEASING = YES;
				CLANG_WARN_BOOL_CONVERSION = YES;
				CLANG_WARN_COMMA = YES;
				CLANG_WARN_CONSTANT_CONVERSION = YES;
				CLANG_WARN_DEPRECATED_OBJC_IMPLEMENTATIONS = YES;
				CLANG_WARN_EMPTY_BODY = YES;
				CLANG_WARN_ENUM_CONVERSION = YES;
				CLANG_WARN_INFINITE_RECURSION = YES;
				CLANG_WARN_INT_CONVERSION = YES;
				CLANG_WARN_NON_LITERAL_NULL_CONVERSION = YES;
				CLANG_WARN_OBJC_IMPLICIT_RETAIN_SELF = YES;
				CLANG_WARN_OBJC_LITERAL_CONVERSION = YES;
				CLANG_WARN_RANGE_LOOP_ANALYSIS = YES;
				CLANG_WARN_STRICT_PROTOTYPES = YES;
				CLANG_WARN_SUSPICIOUS_MOVE = YES;
				CLANG_WARN_UNREACHABLE_CODE = YES;
				CLANG_WARN__DUPLICATE_METHOD_MATCH = YES;
				CODE_SIGN_IDENTITY = "";
				DEBUG_INFORMATION_FORMAT = dwarf;
				ENABLE_STRICT_OBJC_MSGSEND = YES;
				ENABLE_TESTABILITY = NO;
				GCC_C_LANGUAGE_STANDARD = c11;
				GCC_INLINES_ARE_PRIVATE_EXTERN = YES;
				GCC_MODEL_TUNING = G5;
				GCC_NO_COMMON_BLOCKS = YES;
				GCC_SYMBOLS_PRIVATE_EXTERN = YES;
				GCC_WARN_64_TO_32_BIT_CONVERSION = YES;
				GCC_WARN_ABOUT_RETURN_TYPE = YES;
				GCC_WARN_CHECK_SWITCH_STATEMENTS = YES;
				GCC_WARN_MISSING_PARENTHESES = YES;
				GCC_WARN_NON_VIRTUAL_DESTRUCTOR = YES;
				GCC_WARN_TYPECHECK_CALLS_TO_PRINTF = YES;
				GCC_WARN_UNDECLARED_SELECTOR = YES;
				GCC_WARN_UNINITIALIZED_AUTOS = YES;
				GCC_WARN_UNUSED_FUNCTION = YES;
				GCC_WARN_UNUSED_VARIABLE = YES;
				ONLY_ACTIVE_ARCH = YES;
				PRODUCT_NAME = "Juce Test";
				SDKROOT = macosx;
				WARNING_CFLAGS = "-Wreorder";
				ZERO_LINK = NO;
			};
			name = Debug;
		};
		4B7D2FECD7A06F551F1CC7DE = {
			isa = XCBuildConfiguration;
			buildSettings = {
				ALWAYS_SEARCH_USER_PATHS = NO;
				CLANG_ENABLE_OBJC_WEAK = YES;
				CLANG_WARN_BLOCK_CAPTURE_AUTORELEASING = YES;
				CLANG_WARN_BOOL_CONVERSION = YES;
				CLANG_WARN_COMMA = YES;
				CLANG_WARN_CONSTANT_CONVERSION = YES;
				CLANG_WARN_DEPRECATED_OBJC_IMPLEMENTATIONS = YES;
				CLANG_WARN_EMPTY_BODY = YES;
				CLANG_WARN_ENUM_CONVERSION = YES;
				CLANG_WARN_INFINITE_RECURSION = YES;
				CLANG_WARN_INT_CONVERSION = YES;
				CLANG_WARN_NON_LITERAL_NULL_CONVERSION = YES;
				CLANG_WARN_OBJC_IMPLICIT_RETAIN_SELF = YES;
				CLANG_WARN_OBJC_LITERAL_CONVERSION = YES;
				CLANG_WARN_RANGE_LOOP_ANALYSIS = YES;
				CLANG_WARN_STRICT_PROTOTYPES = YES;
				CLANG_WARN_SUSPICIOUS_MOVE = YES;
				CLANG_WARN_UNREACHABLE_CODE = YES;
				CLANG_WARN__DUPLICATE_METHOD_MATCH = YES;
				CODE_SIGN_IDENTITY = "";
				DEBUG_INFORMATION_FORMAT = dwarf;
				ENABLE_STRICT_OBJC_MSGSEND = YES;
				ENABLE_TESTABILITY = NO;
				GCC_C_LANGUAGE_STANDARD = c11;
				GCC_INLINES_ARE_PRIVATE_EXTERN = YES;
				GCC_MODEL_TUNING = G5;
				GCC_NO_COMMON_BLOCKS = YES;
				GCC_SYMBOLS_PRIVATE_EXTERN = YES;
				GCC_WARN_64_TO_32_BIT_CONVERSION = YES;
				GCC_WARN_ABOUT_RETURN_TYPE = YES;
				GCC_WARN_CHECK_SWITCH_STATEMENTS = YES;
				GCC_WARN_MISSING_PARENTHESES = YES;
				GCC_WARN_NON_VIRTUAL_DESTRUCTOR = YES;
				GCC_WARN_TYPECHECK_CALLS_TO_PRINTF = YES;
				GCC_WARN_UNDECLARED_SELECTOR = YES;
				GCC_WARN_UNINITIALIZED_AUTOS = YES;
				GCC_WARN_UNUSED_FUNCTION = YES;
				GCC_WARN_UNUSED_VARIABLE = YES;
				PRODUCT_NAME = "Juce Test";
				SDKROOT = macosx;
				WARNING_CFLAGS = "-Wreorder";
				ZERO_LINK = NO;
			};
			name = Release;
		};
		71D3FC09BB63E50AD34BD827 = {
			isa = XCConfigurationList;
			buildConfigurations = (
				3ACE934943917AE83CBD34B3,
				4B7D2FECD7A06F551F1CC7DE,
			);
			defaultConfigurationIsVisible = 0;
			defaultConfigurationName = Debug;
		};
		8C50B257E0FA8C97686378E5 = {
			isa = XCConfigurationList;
			buildConfigurations = (
				DF914507425EFABEA82EFE9A,
				49804C98BC92BD3D5B8137E6,
			);
			defaultConfigurationIsVisible = 0;
			defaultConfigurationName = Debug;
		};
		4012D647130D20FFCAC31289 = {
			isa = PBXResourcesBuildPhase;
			buildActionMask = 2147483647;
			files = (
				C94027FCED119B8C2AFE0088,
			);
			runOnlyForDeploymentPostprocessing = 0;
		};
		B10402C15E74139A4DA174E8 = {
			isa = PBXSourcesBuildPhase;
			buildActionMask = 2147483647;
			files = (
				D13141254C4D93D438B73380,
				D65B535F427B1934E8D92B9C,
				4A779BAADA7CFEEC24CD45AE,
				827A78E55D28FA8A14C1F3C0,
				C865A8B1DFE07114D3DEE4F6,
				D8CFE8C2951B7938D971F344,
				24504A6D60E8A4B10032F80B,
				780AE4734BE1C7E32F741B95,
			);
			runOnlyForDeploymentPostprocessing = 0;
		};
		486AC3D0D6056577DC20791F = {
			isa = PBXFrameworksBuildPhase;
			buildActionMask = 2147483647;
			files = (
				645727A89397DC81F29AB780,
				030E27952C1A8400FD264BB9,
				7348BEE033086C3F777C5B52,
				A61E36E475786CD5826F26A5,
				6C7BF0573DCC153B3E3448C8,
				160A1E32C0DF851463F2FB0F,
			);
			runOnlyForDeploymentPostprocessing = 0;
		};
		654C69C8177ADCE89E4A619D = {
			isa = PBXNativeTarget;
			buildConfigurationList = 8C50B257E0FA8C97686378E5;
			buildPhases = (
				4012D647130D20FFCAC31289,
				B10402C15E74139A4DA174E8,
				486AC3D0D6056577DC20791F,
			);
			buildRules = ( );
			dependencies = ( );
			name = "Juce Test - App";
			productName = "Juce Test";
			productReference = 57BD20DF21578F27E985418B;
			productType = "com.apple.product-type.application";
		};
		115016703B6D6FBA68A68E3F = {
			isa = PBXProject;
			buildConfigurationList = 71D3FC09BB63E50AD34BD827;
			attributes = { LastUpgradeCheck = 1230; ORGANIZATIONNAME = ""; TargetAttributes = { 654C69C8177ADCE89E4A619D = { SystemCapabilities = {com.apple.ApplicationGroups.iOS = { enabled = 0; }; com.apple.InAppPurchase = { enabled = 0; }; com.apple.InterAppAudio = { enabled = 0; }; com.apple.Push = { enabled = 0; }; com.apple.Sandbox = { enabled = 0; }; com.apple.HardenedRuntime = { enabled = 0; }; }; }; }; };
			compatibilityVersion = "Xcode 3.2";
			hasScannedForEncodings = 0;
			mainGroup = 541C46128E67386CCBB4201E;
			projectDirPath = "";
			projectRoot = "";
			targets = (654C69C8177ADCE89E4A619D);
			knownRegions = (en, Base);
		};
	};
	rootObject = 115016703B6D6FBA68A68E3F;
}
